
Microsoft Visual Studio Solution File, Format Version 12.00
# Visual Studio 15
VisualStudioVersion = 15.0.28010.2041
MinimumVisualStudioVersion = 10.0.40219.1
Project("{2150E333-8FDC-42A3-9474-1A3956D46DE8}") = "Framework", "Framework", "{0A7C3085-F307-4C2A-90F9-162A80A60AFE}"
EndProject
Project("{2150E333-8FDC-42A3-9474-1A3956D46DE8}") = "Tcm", "Tcm", "{63153990-3825-495B-A33F-E0EA25975BD3}"
EndProject
Project("{2150E333-8FDC-42A3-9474-1A3956D46DE8}") = "Application", "Application", "{6221AE76-2C65-4939-8615-D7DB125A6B79}"
EndProject
Project("{2150E333-8FDC-42A3-9474-1A3956D46DE8}") = "Domain", "Domain", "{3230A498-4493-463E-BABF-3F25B144C351}"
EndProject
Project("{2150E333-8FDC-42A3-9474-1A3956D46DE8}") = "Infrastracture", "Infrastracture", "{782D9E39-9490-4CB6-BF14-BDB68B5AF5E7}"
EndProject
Project("{9A19103F-16F7-4668-BE54-9A1E7A4F7556}") = "Tcm.Domain", "Tcm.Domain\Tcm.Domain.csproj", "{515284C4-028B-47F9-9151-C3E5E384797F}"
EndProject
Project("{9A19103F-16F7-4668-BE54-9A1E7A4F7556}") = "Framework.Domain", "Framework.Domain\Framework.Domain.csproj", "{DA7A7F63-11D7-423B-8F6F-B7A060200255}"
EndProject
Project("{9A19103F-16F7-4668-BE54-9A1E7A4F7556}") = "Framework.Log.MongoDb", "Framework.Log.MongoDb\Framework.Log.MongoDb.csproj", "{60C29F2A-4440-44CE-8070-B94E360C3AF4}"
EndProject
Project("{9A19103F-16F7-4668-BE54-9A1E7A4F7556}") = "Framework.Core", "Framework.Core\Framework.Core.csproj", "{8A3845FF-3431-4F44-83E9-BEBECE46064E}"
EndProject
Project("{9A19103F-16F7-4668-BE54-9A1E7A4F7556}") = "Tcm.Persistence.Ef", "Tcm.Persistence.Ef\Tcm.Persistence.Ef.csproj", "{FB732A33-63BC-4EB3-A7C1-DA9FEB5AF057}"
EndProject
Project("{9A19103F-16F7-4668-BE54-9A1E7A4F7556}") = "Framework.Persistence.Ef", "Framework.Persistence.Ef\Framework.Persistence.Ef.csproj", "{36EB88D7-19C0-4DD6-9999-A53EE49288E5}"
EndProject
Project("{9A19103F-16F7-4668-BE54-9A1E7A4F7556}") = "Tcm.Application", "Tcm.Application\Tcm.Application.csproj", "{2B5A31F8-0E70-4D71-8141-6E5EE4ACE21A}"
EndProject
Project("{2150E333-8FDC-42A3-9474-1A3956D46DE8}") = "Interface", "Interface", "{8F5420E2-2698-47F6-A9CB-0E226ACA3FD6}"
EndProject
Project("{9A19103F-16F7-4668-BE54-9A1E7A4F7556}") = "Tcm.Interface.WebUi", "Tcm.Interface.WebUi\Tcm.Interface.WebUi.csproj", "{89E94CAD-A6CF-463D-97AF-438140D31301}"
EndProject
Project("{9A19103F-16F7-4668-BE54-9A1E7A4F7556}") = "Tcm.Interface.Api", "Tcm.Interface.Api\Tcm.Interface.Api.csproj", "{06063903-7DBB-4E40-A839-DA0ED9456628}"
EndProject
Project("{2150E333-8FDC-42A3-9474-1A3956D46DE8}") = "Solution Items", "Solution Items", "{C881C9D5-2BA0-4034-905C-D0C6C675668B}"
	ProjectSection(SolutionItems) = preProject
		Performance1.psess = Performance1.psess
	EndProjectSection
EndProject
Project("{FAE04EC0-301F-11D3-BF4B-00C04F79EFBC}") = "Tcm.Application.Contract", "Tcm.Application.Contract\Tcm.Application.Contract.csproj", "{398E8843-1E7B-4441-B18D-A6F8890C4702}"
EndProject
Global
	GlobalSection(SolutionConfigurationPlatforms) = preSolution
		Debug|Any CPU = Debug|Any CPU
		Release|Any CPU = Release|Any CPU
	EndGlobalSection
	GlobalSection(ProjectConfigurationPlatforms) = postSolution
		{515284C4-028B-47F9-9151-C3E5E384797F}.Debug|Any CPU.ActiveCfg = Debug|Any CPU
		{515284C4-028B-47F9-9151-C3E5E384797F}.Debug|Any CPU.Build.0 = Debug|Any CPU
		{515284C4-028B-47F9-9151-C3E5E384797F}.Release|Any CPU.ActiveCfg = Release|Any CPU
		{515284C4-028B-47F9-9151-C3E5E384797F}.Release|Any CPU.Build.0 = Release|Any CPU
		{DA7A7F63-11D7-423B-8F6F-B7A060200255}.Debug|Any CPU.ActiveCfg = Debug|Any CPU
		{DA7A7F63-11D7-423B-8F6F-B7A060200255}.Debug|Any CPU.Build.0 = Debug|Any CPU
		{DA7A7F63-11D7-423B-8F6F-B7A060200255}.Release|Any CPU.ActiveCfg = Release|Any CPU
		{DA7A7F63-11D7-423B-8F6F-B7A060200255}.Release|Any CPU.Build.0 = Release|Any CPU
		{60C29F2A-4440-44CE-8070-B94E360C3AF4}.Debug|Any CPU.ActiveCfg = Debug|Any CPU
		{60C29F2A-4440-44CE-8070-B94E360C3AF4}.Debug|Any CPU.Build.0 = Debug|Any CPU
		{60C29F2A-4440-44CE-8070-B94E360C3AF4}.Release|Any CPU.ActiveCfg = Release|Any CPU
		{60C29F2A-4440-44CE-8070-B94E360C3AF4}.Release|Any CPU.Build.0 = Release|Any CPU
		{8A3845FF-3431-4F44-83E9-BEBECE46064E}.Debug|Any CPU.ActiveCfg = Debug|Any CPU
		{8A3845FF-3431-4F44-83E9-BEBECE46064E}.Debug|Any CPU.Build.0 = Debug|Any CPU
		{8A3845FF-3431-4F44-83E9-BEBECE46064E}.Release|Any CPU.ActiveCfg = Release|Any CPU
		{8A3845FF-3431-4F44-83E9-BEBECE46064E}.Release|Any CPU.Build.0 = Release|Any CPU
		{FB732A33-63BC-4EB3-A7C1-DA9FEB5AF057}.Debug|Any CPU.ActiveCfg = Debug|Any CPU
		{FB732A33-63BC-4EB3-A7C1-DA9FEB5AF057}.Debug|Any CPU.Build.0 = Debug|Any CPU
		{FB732A33-63BC-4EB3-A7C1-DA9FEB5AF057}.Release|Any CPU.ActiveCfg = Release|Any CPU
		{FB732A33-63BC-4EB3-A7C1-DA9FEB5AF057}.Release|Any CPU.Build.0 = Release|Any CPU
		{36EB88D7-19C0-4DD6-9999-A53EE49288E5}.Debug|Any CPU.ActiveCfg = Debug|Any CPU
		{36EB88D7-19C0-4DD6-9999-A53EE49288E5}.Debug|Any CPU.Build.0 = Debug|Any CPU
		{36EB88D7-19C0-4DD6-9999-A53EE49288E5}.Release|Any CPU.ActiveCfg = Release|Any CPU
		{36EB88D7-19C0-4DD6-9999-A53EE49288E5}.Release|Any CPU.Build.0 = Release|Any CPU
		{2B5A31F8-0E70-4D71-8141-6E5EE4ACE21A}.Debug|Any CPU.ActiveCfg = Debug|Any CPU
		{2B5A31F8-0E70-4D71-8141-6E5EE4ACE21A}.Debug|Any CPU.Build.0 = Debug|Any CPU
		{2B5A31F8-0E70-4D71-8141-6E5EE4ACE21A}.Release|Any CPU.ActiveCfg = Release|Any CPU
		{2B5A31F8-0E70-4D71-8141-6E5EE4ACE21A}.Release|Any CPU.Build.0 = Release|Any CPU
		{89E94CAD-A6CF-463D-97AF-438140D31301}.Debug|Any CPU.ActiveCfg = Debug|Any CPU
		{89E94CAD-A6CF-463D-97AF-438140D31301}.Debug|Any CPU.Build.0 = Debug|Any CPU
		{89E94CAD-A6CF-463D-97AF-438140D31301}.Release|Any CPU.ActiveCfg = Release|Any CPU
		{89E94CAD-A6CF-463D-97AF-438140D31301}.Release|Any CPU.Build.0 = Release|Any CPU
		{06063903-7DBB-4E40-A839-DA0ED9456628}.Debug|Any CPU.ActiveCfg = Debug|Any CPU
		{06063903-7DBB-4E40-A839-DA0ED9456628}.Debug|Any CPU.Build.0 = Debug|Any CPU
		{06063903-7DBB-4E40-A839-DA0ED9456628}.Release|Any CPU.ActiveCfg = Release|Any CPU
		{06063903-7DBB-4E40-A839-DA0ED9456628}.Release|Any CPU.Build.0 = Release|Any CPU
		{398E8843-1E7B-4441-B18D-A6F8890C4702}.Debug|Any CPU.ActiveCfg = Debug|Any CPU
		{398E8843-1E7B-4441-B18D-A6F8890C4702}.Debug|Any CPU.Build.0 = Debug|Any CPU
		{398E8843-1E7B-4441-B18D-A6F8890C4702}.Release|Any CPU.ActiveCfg = Release|Any CPU
		{398E8843-1E7B-4441-B18D-A6F8890C4702}.Release|Any CPU.Build.0 = Release|Any CPU
	EndGlobalSection
	GlobalSection(SolutionProperties) = preSolution
		HideSolutionNode = FALSE
	EndGlobalSection
	GlobalSection(NestedProjects) = preSolution
		{6221AE76-2C65-4939-8615-D7DB125A6B79} = {63153990-3825-495B-A33F-E0EA25975BD3}
		{3230A498-4493-463E-BABF-3F25B144C351} = {63153990-3825-495B-A33F-E0EA25975BD3}
		{782D9E39-9490-4CB6-BF14-BDB68B5AF5E7} = {63153990-3825-495B-A33F-E0EA25975BD3}
		{515284C4-028B-47F9-9151-C3E5E384797F} = {3230A498-4493-463E-BABF-3F25B144C351}
		{DA7A7F63-11D7-423B-8F6F-B7A060200255} = {0A7C3085-F307-4C2A-90F9-162A80A60AFE}
		{60C29F2A-4440-44CE-8070-B94E360C3AF4} = {0A7C3085-F307-4C2A-90F9-162A80A60AFE}
		{8A3845FF-3431-4F44-83E9-BEBECE46064E} = {0A7C3085-F307-4C2A-90F9-162A80A60AFE}
		{FB732A33-63BC-4EB3-A7C1-DA9FEB5AF057} = {782D9E39-9490-4CB6-BF14-BDB68B5AF5E7}
		{36EB88D7-19C0-4DD6-9999-A53EE49288E5} = {0A7C3085-F307-4C2A-90F9-162A80A60AFE}
		{2B5A31F8-0E70-4D71-8141-6E5EE4ACE21A} = {6221AE76-2C65-4939-8615-D7DB125A6B79}
		{8F5420E2-2698-47F6-A9CB-0E226ACA3FD6} = {63153990-3825-495B-A33F-E0EA25975BD3}
		{89E94CAD-A6CF-463D-97AF-438140D31301} = {8F5420E2-2698-47F6-A9CB-0E226ACA3FD6}
		{06063903-7DBB-4E40-A839-DA0ED9456628} = {8F5420E2-2698-47F6-A9CB-0E226ACA3FD6}
		{398E8843-1E7B-4441-B18D-A6F8890C4702} = {6221AE76-2C65-4939-8615-D7DB125A6B79}
	EndGlobalSection
	GlobalSection(ExtensibilityGlobals) = postSolution
		SolutionGuid = {379DF039-FE41-4EC7-8F9C-537059565CD3}
	EndGlobalSection
	GlobalSection(Performance) = preSolution
		HasPerformanceSessions = true
	EndGlobalSection
EndGlobal
